// !$*UTF8*$!
{
	archiveVersion = 1;
	classes = {
	};
	objectVersion = 46;
	objects = {

/* Begin PBXBuildFile section */
		C95A2F321D48EBAA001850FF /* AppDelegate.swift in Sources */ = {isa = PBXBuildFile; fileRef = C95A2F311D48EBAA001850FF /* AppDelegate.swift */; };
		C95A2F341D48EBAA001850FF /* ViewController.swift in Sources */ = {isa = PBXBuildFile; fileRef = C95A2F331D48EBAA001850FF /* ViewController.swift */; };
		C95A2F371D48EBAA001850FF /* Main.storyboard in Resources */ = {isa = PBXBuildFile; fileRef = C95A2F351D48EBAA001850FF /* Main.storyboard */; };
		C95A2F391D48EBAA001850FF /* Assets.xcassets in Resources */ = {isa = PBXBuildFile; fileRef = C95A2F381D48EBAA001850FF /* Assets.xcassets */; };
		C95A2F3C1D48EBAA001850FF /* LaunchScreen.storyboard in Resources */ = {isa = PBXBuildFile; fileRef = C95A2F3A1D48EBAA001850FF /* LaunchScreen.storyboard */; };
/* End PBXBuildFile section */

/* Begin PBXFileReference section */
		C95A2F2E1D48EBAA001850FF /* iOS-sidemenu.app */ = {isa = PBXFileReference; explicitFileType = wrapper.application; includeInIndex = 0; path = "iOS-sidemenu.app"; sourceTree = BUILT_PRODUCTS_DIR; };
		C95A2F311D48EBAA001850FF /* AppDelegate.swift */ = {isa = PBXFileReference; lastKnownFileType = sourcecode.swift; path = AppDelegate.swift; sourceTree = "<group>"; };
		C95A2F331D48EBAA001850FF /* ViewController.swift */ = {isa = PBXFileReference; lastKnownFileType = sourcecode.swift; path = ViewController.swift; sourceTree = "<group>"; };
		C95A2F361D48EBAA001850FF /* Base */ = {isa = PBXFileReference; lastKnownFileType = file.storyboard; name = Base; path = Base.lproj/Main.storyboard; sourceTree = "<group>"; };
		C95A2F381D48EBAA001850FF /* Assets.xcassets */ = {isa = PBXFileReference; lastKnownFileType = folder.assetcatalog; path = Assets.xcassets; sourceTree = "<group>"; };
		C95A2F3B1D48EBAA001850FF /* Base */ = {isa = PBXFileReference; lastKnownFileType = file.storyboard; name = Base; path = Base.lproj/LaunchScreen.storyboard; sourceTree = "<group>"; };
		C95A2F3D1D48EBAA001850FF /* Info.plist */ = {isa = PBXFileReference; lastKnownFileType = text.plist.xml; path = Info.plist; sourceTree = "<group>"; };
/* End PBXFileReference section */

/* Begin PBXFrameworksBuildPhase section */
		C95A2F2B1D48EBAA001850FF /* Frameworks */ = {
			isa = PBXFrameworksBuildPhase;
			buildActionMask = 2147483647;
			files = (
			);
			runOnlyForDeploymentPostprocessing = 0;
		};
/* End PBXFrameworksBuildPhase section */

/* Begin PBXGroup section */
		C95A2F251D48EBAA001850FF = {
			isa = PBXGroup;
			children = (
				C95A2F301D48EBAA001850FF /* iOS-sidemenu */,
				C95A2F2F1D48EBAA001850FF /* Products */,
			);
			sourceTree = "<group>";
		};
		C95A2F2F1D48EBAA001850FF /* Products */ = {
			isa = PBXGroup;
			children = (
				C95A2F2E1D48EBAA001850FF /* iOS-sidemenu.app */,
			);
			name = Products;
			sourceTree = "<group>";
		};
		C95A2F301D48EBAA001850FF /* iOS-sidemenu */ = {
			isa = PBXGroup;
			children = (
				C95A2F311D48EBAA001850FF /* AppDelegate.swift */,
				C95A2F331D48EBAA001850FF /* ViewController.swift */,
				C95A2F351D48EBAA001850FF /* Main.storyboard */,
				C95A2F381D48EBAA001850FF /* Assets.xcassets */,
				C95A2F3A1D48EBAA001850FF /* LaunchScreen.storyboard */,
				C95A2F3D1D48EBAA001850FF /* Info.plist */,
			);
			path = "iOS-sidemenu";
			sourceTree = "<group>";
		};
/* End PBXGroup section */

/* Begin PBXNativeTarget section */
		C95A2F2D1D48EBAA001850FF /* iOS-sidemenu */ = {
			isa = PBXNativeTarget;
			buildConfigurationList = C95A2F401D48EBAA001850FF /* Build configuration list for PBXNativeTarget "iOS-sidemenu" */;
			buildPhases = (
				C95A2F2A1D48EBAA001850FF /* Sources */,
				C95A2F2B1D48EBAA001850FF /* Frameworks */,
				C95A2F2C1D48EBAA001850FF /* Resources */,
			);
			buildRules = (
			);
			dependencies = (
			);
			name = "iOS-sidemenu";
			productName = "iOS-sidemenu";
			productReference = C95A2F2E1D48EBAA001850FF /* iOS-sidemenu.app */;
			productType = "com.apple.product-type.application";
		};
/* End PBXNativeTarget section */

/* Begin PBXProject section */
		C95A2F261D48EBAA001850FF /* Project object */ = {
			isa = PBXProject;
			attributes = {
				LastSwiftUpdateCheck = 0730;
				LastUpgradeCheck = 0730;
				ORGANIZATIONNAME = "Paul Ku";
				TargetAttributes = {
					C95A2F2D1D48EBAA001850FF = {
						CreatedOnToolsVersion = 7.3.1;
					};
				};
			};
			buildConfigurationList = C95A2F291D48EBAA001850FF /* Build configuration list for PBXProject "iOS-sidemenu" */;
			compatibilityVersion = "Xcode 3.2";
			developmentRegion = English;
			hasScannedForEncodings = 0;
			knownRegions = (
				en,
				Base,
			);
			mainGroup = C95A2F251D48EBAA001850FF;
			productRefGroup = C95A2F2F1D48EBAA001850FF /* Products */;
			projectDirPath = "";
			projectRoot = "";
			targets = (
				C95A2F2D1D48EBAA001850FF /* iOS-sidemenu */,
			);
		};
/* End PBXProject section */

/* Begin PBXResourcesBuildPhase section */
		C95A2F2C1D48EBAA001850FF /* Resources */ = {
			isa = PBXResourcesBuildPhase;
			buildActionMask = 2147483647;
			files = (
				C95A2F3C1D48EBAA001850FF /* LaunchScreen.storyboard in Resources */,
				C95A2F391D48EBAA001850FF /* Assets.xcassets in Resources */,
				C95A2F371D48EBAA001850FF /* Main.storyboard in Resources */,
			);
			runOnlyForDeploymentPostprocessing = 0;
		};
/* End PBXResourcesBuildPhase section */

/* Begin PBXSourcesBuildPhase section */
		C95A2F2A1D48EBAA001850FF /* Sources */ = {
			isa = PBXSourcesBuildPhase;
			buildActionMask = 2147483647;
			files = (
				C95A2F341D48EBAA001850FF /* ViewController.swift in Sources */,
				C95A2F321D48EBAA001850FF /* AppDelegate.swift in Sources */,
			);
			runOnlyForDeploymentPostprocessing = 0;
		};
/* End PBXSourcesBuildPhase section */

/* Begin PBXVariantGroup section */
		C95A2F351D48EBAA001850FF /* Main.storyboard */ = {
			isa = PBXVariantGroup;
			children = (
				C95A2F361D48EBAA001850FF /* Base */,
			);
			name = Main.storyboard;
			sourceTree = "<group>";
		};
		C95A2F3A1D48EBAA001850FF /* LaunchScreen.storyboard */ = {
			isa = PBXVariantGroup;
			children = (
				C95A2F3B1D48EBAA001850FF /* Base */,
			);
			name = LaunchScreen.storyboard;
			sourceTree = "<group>";
		};
/* End PBXVariantGroup section */

/* Begin XCBuildConfiguration section */
		C95A2F3E1D48EBAA001850FF /* Debug */ = {
			isa = XCBuildConfiguration;
			buildSettings = {
				ALWAYS_SEARCH_USER_PATHS = NO;
				CLANG_ANALYZER_NONNULL = YES;
				CLANG_CXX_LANGUAGE_STANDARD = "gnu++0x";
				CLANG_CXX_LIBRARY = "libc++";
				CLANG_ENABLE_MODULES = YES;
				CLANG_ENABLE_OBJC_ARC = YES;
				CLANG_WARN_BOOL_CONVERSION = YES;
				CLANG_WARN_CONSTANT_CONVERSION = YES;
				CLANG_WARN_DIRECT_OBJC_ISA_USAGE = YES_ERROR;
				CLANG_WARN_EMPTY_BODY = YES;
				CLANG_WARN_ENUM_CONVERSION = YES;
				CLANG_WARN_INT_CONVERSION = YES;
				CLANG_WARN_OBJC_ROOT_CLASS = YES_ERROR;
				CLANG_WARN_UNREACHABLE_CODE = YES;
				CLANG_WARN__DUPLICATE_METHOD_MATCH = YES;
				"CODE_SIGN_IDENTITY[sdk=iphoneos*]" = "iPhone Developer";
				COPY_PHASE_STRIP = NO;
				DEBUG_INFORMATION_FORMAT = dwarf;
				ENABLE_STRICT_OBJC_MSGSEND = YES;
				ENABLE_TESTABILITY = YES;
				GCC_C_LANGUAGE_STANDARD = gnu99;
				GCC_DYNAMIC_NO_PIC = NO;
				GCC_NO_COMMON_BLOCKS = YES;
				GCC_OPTIMIZATION_LEVEL = 0;
				GCC_PREPROCESSOR_DEFINITIONS = (
					"DEBUG=1",
					"$(inherited)",
				);
				GCC_WARN_64_TO_32_BIT_CONVERSION = YES;
				GCC_WARN_ABOUT_RETURN_TYPE = YES_ERROR;
				GCC_WARN_UNDECLARED_SELECTOR = YES;
				GCC_WARN_UNINITIALIZED_AUTOS = YES_AGGRESSIVE;
				GCC_WARN_UNUSED_FUNCTION = YES;
				GCC_WARN_UNUSED_VARIABLE = YES;
				IPHONEOS_DEPLOYMENT_TARGET = 9.3;
				MTL_ENABLE_DEBUG_INFO = YES;
				ONLY_ACTIVE_ARCH = YES;
				SDKROOT = iphoneos;
				SWIFT_OPTIMIZATION_LEVEL = "-Onone";
			};
			name = Debug;
		};
		C95A2F3F1D48EBAA001850FF /* Release */ = {
			isa = XCBuildConfiguration;
			buildSettings = {
				ALWAYS_SEARCH_USER_PATHS = NO;
				CLANG_ANALYZER_NONNULL = YES;
				CLANG_CXX_LANGUAGE_STANDARD = "gnu++0x";
				CLANG_CXX_LIBRARY = "libc++";
				CLANG_ENABLE_MODULES = YES;
				CLANG_ENABLE_OBJC_ARC = YES;
				CLANG_WARN_BOOL_CONVERSION = YES;
				CLANG_WARN_CONSTANT_CONVERSION = YES;
				CLANG_WARN_DIRECT_OBJC_ISA_USAGE = YES_ERROR;
				CLANG_WARN_EMPTY_BODY = YES;
				CLANG_WARN_ENUM_CONVERSION = YES;
				CLANG_WARN_INT_CONVERSION = YES;
				CLANG_WARN_OBJC_ROOT_CLASS = YES_ERROR;
				CLANG_WARN_UNREACHABLE_CODE = YES;
				CLANG_WARN__DUPLICATE_METHOD_MATCH = YES;
				"CODE_SIGN_IDENTITY[sdk=iphoneos*]" = "iPhone Developer";
				COPY_PHASE_STRIP = NO;
				DEBUG_INFORMATION_FORMAT = "dwarf-with-dsym";
				ENABLE_NS_ASSERTIONS = NO;
				ENABLE_STRICT_OBJC_MSGSEND = YES;
				GCC_C_LANGUAGE_STANDARD = gnu99;
				GCC_NO_COMMON_BLOCKS = YES;
				GCC_WARN_64_TO_32_BIT_CONVERSION = YES;
				GCC_WARN_ABOUT_RETURN_TYPE = YES_ERROR;
				GCC_WARN_UNDECLARED_SELECTOR = YES;
				GCC_WARN_UNINITIALIZED_AUTOS = YES_AGGRESSIVE;
				GCC_WARN_UNUSED_FUNCTION = YES;
				GCC_WARN_UNUSED_VARIABLE = YES;
				IPHONEOS_DEPLOYMENT_TARGET = 9.3;
				MTL_ENABLE_DEBUG_INFO = NO;
				SDKROOT = iphoneos;
				VALIDATE_PRODUCT = YES;
			};
			name = Release;
		};
		C95A2F411D48EBAA001850FF /* Debug */ = {
			isa = XCBuildConfiguration;
			buildSettings = {
				ASSETCATALOG_COMPILER_APPICON_NAME = AppIcon;
				INFOPLIST_FILE = "iOS-sidemenu/Info.plist";
				LD_RUNPATH_SEARCH_PATHS = "$(inherited) @executable_path/Frameworks";
				PRODUCT_BUNDLE_IDENTIFIER = "com.pku.iOS-sidemenu";
				PRODUCT_NAME = "$(TARGET_NAME)";
			};
			name = Debug;
		};
		C95A2F421D48EBAA001850FF /* Release */ = {
			isa = XCBuildConfiguration;
			buildSettings = {
				ASSETCATALOG_COMPILER_APPICON_NAME = AppIcon;
				INFOPLIST_FILE = "iOS-sidemenu/Info.plist";
				LD_RUNPATH_SEARCH_PATHS = "$(inherited) @executable_path/Frameworks";
				PRODUCT_BUNDLE_IDENTIFIER = "com.pku.iOS-sidemenu";
				PRODUCT_NAME = "$(TARGET_NAME)";
			};
			name = Release;
		};
/* End XCBuildConfiguration section */

/* Begin XCConfigurationList section */
		C95A2F291D48EBAA001850FF /* Build configuration list for PBXProject "iOS-sidemenu" */ = {
			isa = XCConfigurationList;
			buildConfigurations = (
				C95A2F3E1D48EBAA001850FF /* Debug */,
				C95A2F3F1D48EBAA001850FF /* Release */,
			);
			defaultConfigurationIsVisible = 0;
			defaultConfigurationName = Release;
		};
		C95A2F401D48EBAA001850FF /* Build configuration list for PBXNativeTarget "iOS-sidemenu" */ = {
			isa = XCConfigurationList;
			buildConfigurations = (
				C95A2F411D48EBAA001850FF /* Debug */,
				C95A2F421D48EBAA001850FF /* Release */,
			);
			defaultConfigurationIsVisible = 0;
		};
/* End XCConfigurationList section */
	};
	rootObject = C95A2F261D48EBAA001850FF /* Project object */;
}
